
Microsoft Visual Studio Solution File, Format Version 12.00
# Visual Studio Version 17
VisualStudioVersion = 17.11.35312.102
MinimumVisualStudioVersion = 10.0.40219.1
Project("{8BC9CEB8-8B4A-11D0-8D11-00A0C91BC942}") = "测试", "测试.vcxproj", "{01D35130-CE3F-4213-913A-9C400D07EEFA}"
EndProject
Global
	GlobalSection(SolutionConfigurationPlatforms) = preSolution
		Debug|x64 = Debug|x64
		Debug|x86 = Debug|x86
		Release|x64 = Release|x64
		Release|x86 = Release|x86
	EndGlobalSection
	GlobalSection(ProjectConfigurationPlatforms) = postSolution
		{01D35130-CE3F-4213-913A-9C400D07EEFA}.Debug|x64.ActiveCfg = Debug|x64
		{01D35130-CE3F-4213-913A-9C400D07EEFA}.Debug|x64.Build.0 = Debug|x64
		{01D35130-CE3F-4213-913A-9C400D07EEFA}.Debug|x86.ActiveCfg = Debug|Win32
		{01D35130-CE3F-4213-913A-9C400D07EEFA}.Debug|x86.Build.0 = Debug|Win32
		{01D35130-CE3F-4213-913A-9C400D07EEFA}.Release|x64.ActiveCfg = Release|x64
		{01D35130-CE3F-4213-913A-9C400D07EEFA}.Release|x64.Build.0 = Release|x64
		{01D35130-CE3F-4213-913A-9C400D07EEFA}.Release|x86.ActiveCfg = Release|Win32
		{01D35130-CE3F-4213-913A-9C400D07EEFA}.Release|x86.Build.0 = Release|Win32
	EndGlobalSection
	GlobalSection(SolutionProperties) = preSolution
		HideSolutionNode = FALSE
	EndGlobalSection
	GlobalSection(ExtensibilityGlobals) = postSolution
		SolutionGuid = {E0A1805C-6726-49FB-B31B-5153D87FEE21}
	EndGlobalSection
EndGlobal
